
Microsoft Visual Studio Solution File, Format Version 12.00
# Visual Studio 2015
Project("{FAE04EC0-301F-11D3-BF4B-00C04F79EFBC}") = "Tank Brawl.CSharp.Plugins", "Tank Brawl.CSharp.Plugins.csproj", "{F59C79CB-9DDD-517A-D690-2009BFEE2CD5}"
EndProject
Project("{FAE04EC0-301F-11D3-BF4B-00C04F79EFBC}") = "Tank Brawl.CSharp", "Tank Brawl.CSharp.csproj", "{EC6FC32E-C5B4-04DF-51C6-C9ED3908D4A4}"
EndProject
Project("{FAE04EC0-301F-11D3-BF4B-00C04F79EFBC}") = "Tank Brawl.CSharp.Editor", "Tank Brawl.CSharp.Editor.csproj", "{FE45AD96-56D8-12A7-AFDA-E6042554BA20}"
EndProject
Global
	GlobalSection(SolutionConfigurationPlatforms) = preSolution
		Debug|Any CPU = Debug|Any CPU
		Release|Any CPU = Release|Any CPU
	EndGlobalSection
	GlobalSection(ProjectConfigurationPlatforms) = postSolution
		{F59C79CB-9DDD-517A-D690-2009BFEE2CD5}.Debug|Any CPU.ActiveCfg = Debug|Any CPU
		{F59C79CB-9DDD-517A-D690-2009BFEE2CD5}.Debug|Any CPU.Build.0 = Debug|Any CPU
		{F59C79CB-9DDD-517A-D690-2009BFEE2CD5}.Release|Any CPU.ActiveCfg = Release|Any CPU
		{F59C79CB-9DDD-517A-D690-2009BFEE2CD5}.Release|Any CPU.Build.0 = Release|Any CPU
		{EC6FC32E-C5B4-04DF-51C6-C9ED3908D4A4}.Debug|Any CPU.ActiveCfg = Debug|Any CPU
		{EC6FC32E-C5B4-04DF-51C6-C9ED3908D4A4}.Debug|Any CPU.Build.0 = Debug|Any CPU
		{EC6FC32E-C5B4-04DF-51C6-C9ED3908D4A4}.Release|Any CPU.ActiveCfg = Release|Any CPU
		{EC6FC32E-C5B4-04DF-51C6-C9ED3908D4A4}.Release|Any CPU.Build.0 = Release|Any CPU
		{FE45AD96-56D8-12A7-AFDA-E6042554BA20}.Debug|Any CPU.ActiveCfg = Debug|Any CPU
		{FE45AD96-56D8-12A7-AFDA-E6042554BA20}.Debug|Any CPU.Build.0 = Debug|Any CPU
		{FE45AD96-56D8-12A7-AFDA-E6042554BA20}.Release|Any CPU.ActiveCfg = Release|Any CPU
		{FE45AD96-56D8-12A7-AFDA-E6042554BA20}.Release|Any CPU.Build.0 = Release|Any CPU
	EndGlobalSection
	GlobalSection(SolutionProperties) = preSolution
		HideSolutionNode = FALSE
	EndGlobalSection
EndGlobal
